
Microsoft Visual Studio Solution File, Format Version 12.00
# Visual Studio Version 17
VisualStudioVersion = 17.2.32602.215
MinimumVisualStudioVersion = 10.0.40219.1
Project("{2150E333-8FDC-42A3-9474-1A3956D46DE8}") = "Solution Items", "Solution Items", "{8EA80773-B477-4A69-9C63-50BAB6227CB9}"
	ProjectSection(SolutionItems) = preProject
		.editorconfig = .editorconfig
		.gitattributes = .gitattributes
		.gitignore = .gitignore
		Directory.Build.props = Directory.Build.props
	EndProjectSection
EndProject
Project("{2150E333-8FDC-42A3-9474-1A3956D46DE8}") = "Apps", "Apps", "{5766BBB3-CA7B-4B6B-9E60-8A4E4FCA0381}"
EndProject
Project("{2150E333-8FDC-42A3-9474-1A3956D46DE8}") = "Utils", "Utils", "{155783CC-538D-45AF-8CB7-DC4543B7C806}"
EndProject
Project("{9A19103F-16F7-4668-BE54-9A1E7A4F7556}") = "CSP.Utils", "Utils\CSP.Utils\CSP.Utils.csproj", "{A69B7645-1C8A-49C6-96AB-75C958D5B60A}"
EndProject
Project("{2150E333-8FDC-42A3-9474-1A3956D46DE8}") = "Models", "Models", "{3EC2117A-BBD5-4A73-A824-3A714D916BA1}"
EndProject
Project("{2150E333-8FDC-42A3-9474-1A3956D46DE8}") = "Interfaces", "Interfaces", "{C39936D1-40C8-475E-8509-589D12109807}"
EndProject
Project("{9A19103F-16F7-4668-BE54-9A1E7A4F7556}") = "CSP.Models.Interfaces", "Models\CSP.Models.Interfaces\CSP.Models.Interfaces.csproj", "{D715BA75-606A-4D79-8BEB-45D8F0B5F28B}"
EndProject
Project("{2150E333-8FDC-42A3-9474-1A3956D46DE8}") = "Events", "Events", "{D8E0C86D-7764-4183-8C3D-E45D57176AF8}"
EndProject
Project("{9A19103F-16F7-4668-BE54-9A1E7A4F7556}") = "CSP.Events", "Events\CSP.Events\CSP.Events.csproj", "{F4381600-6216-4B48-9437-451A6B2E7333}"
EndProject
Project("{9A19103F-16F7-4668-BE54-9A1E7A4F7556}") = "CSP.Models", "Models\CSP.Models\CSP.Models.csproj", "{48432F1A-9FFA-4199-8E50-FB603DBC3721}"
EndProject
Project("{2150E333-8FDC-42A3-9474-1A3956D46DE8}") = "Resources", "Resources", "{58E30C62-1DF5-4E02-8FEC-A70F7A3F8AEA}"
EndProject
Project("{9A19103F-16F7-4668-BE54-9A1E7A4F7556}") = "CSP.Resources", "Resources\CSP.Resources\CSP.Resources.csproj", "{BA2B1E5B-02A2-4391-8CD0-8EBDE18A087E}"
EndProject
Project("{2150E333-8FDC-42A3-9474-1A3956D46DE8}") = "Components", "Components", "{D587EEB6-2D74-4A43-8DF5-79943C234D0D}"
EndProject
Project("{9A19103F-16F7-4668-BE54-9A1E7A4F7556}") = "CSP.Components", "Components\CSP.Components\CSP.Components.csproj", "{95D846F1-C109-4A9D-B2E0-3EC0740E9C47}"
EndProject
Project("{9A19103F-16F7-4668-BE54-9A1E7A4F7556}") = "CSP.Apps.Dev", "Apps\CSP.Apps.Dev\CSP.Apps.Dev.csproj", "{DFBBF242-8688-4761-9120-37AA964368C9}"
EndProject
Project("{2150E333-8FDC-42A3-9474-1A3956D46DE8}") = "Extras", "Extras", "{CC1B3211-4AB5-4465-ACA8-CFFA52114E99}"
EndProject
Project("{9A19103F-16F7-4668-BE54-9A1E7A4F7556}") = "CSP.Extras.BeforeBuild", "Extras\CSP.Extras.BeforeBuild\CSP.Extras.BeforeBuild.csproj", "{0EAF509E-9A3D-4DEA-B428-3B53D0314033}"
EndProject
Project("{2150E333-8FDC-42A3-9474-1A3956D46DE8}") = "Database", "Database", "{9091891F-CE6D-4AB6-9BD5-EF69679CEF55}"
EndProject
Project("{9A19103F-16F7-4668-BE54-9A1E7A4F7556}") = "CSP.Database", "Database\CSP.Database\CSP.Database.csproj", "{AEFE9554-43B9-42ED-B971-C0676275CC4A}"
EndProject
Project("{2150E333-8FDC-42A3-9474-1A3956D46DE8}") = "Tests", "Tests", "{A43E6A7A-CC92-4477-AF8D-DC65AFD96BBB}"
EndProject
Project("{2150E333-8FDC-42A3-9474-1A3956D46DE8}") = "Database", "Database", "{A5B31917-74A2-40D4-ACEF-9C213CF1C830}"
EndProject
Project("{2150E333-8FDC-42A3-9474-1A3956D46DE8}") = "Modules", "Modules", "{7E6D6515-E511-4CF7-9287-EA9B8A68A3D5}"
EndProject
Project("{2150E333-8FDC-42A3-9474-1A3956D46DE8}") = "Resources", "Resources", "{86476576-5CB0-458E-9823-8B4B75C95118}"
EndProject
Project("{2150E333-8FDC-42A3-9474-1A3956D46DE8}") = "Services", "Services", "{5E7887CB-C353-462A-A728-C8388C064D87}"
EndProject
Project("{2150E333-8FDC-42A3-9474-1A3956D46DE8}") = "Utils", "Utils", "{18CB73E7-D5B5-4393-B0B1-B5DE85FD05B5}"
EndProject
Project("{9A19103F-16F7-4668-BE54-9A1E7A4F7556}") = "CSP.Database.Tests", "Database\CSP.Database.Tests\CSP.Database.Tests.csproj", "{0F3F1621-1DDB-4507-8F9C-64A40EB96352}"
EndProject
Project("{9A19103F-16F7-4668-BE54-9A1E7A4F7556}") = "CSP.Resources.Tests", "Resources\CSP.Resources.Tests\CSP.Resources.Tests.csproj", "{9EDAE734-31F5-4D36-A931-04BA1720E1A7}"
EndProject
Project("{9A19103F-16F7-4668-BE54-9A1E7A4F7556}") = "CSP.Utils.Tests", "Utils\CSP.Utils.Tests\CSP.Utils.Tests.csproj", "{DAEF7A6A-995B-432A-A515-23344EEA56A5}"
EndProject
Project("{9A19103F-16F7-4668-BE54-9A1E7A4F7556}") = "CSP.Services.Tests", "Services\CSP.Services.Tests\CSP.Services.Tests.csproj", "{1F620217-081B-4CFF-BF71-4F97760F3EC1}"
EndProject
Project("{2150E333-8FDC-42A3-9474-1A3956D46DE8}") = "Services", "Services", "{E2D98BAB-EA6D-4964-839A-C05AE911B635}"
EndProject
Project("{9A19103F-16F7-4668-BE54-9A1E7A4F7556}") = "CSP.Services", "Services\CSP.Services\CSP.Services.csproj", "{C249BFC4-90D4-46FC-9AF2-036B6D960697}"
EndProject
Project("{2150E333-8FDC-42A3-9474-1A3956D46DE8}") = "Modules", "Modules", "{8FEE0BA5-0CA6-44D4-993E-78588EEE5B46}"
EndProject
Project("{2150E333-8FDC-42A3-9474-1A3956D46DE8}") = "Pages", "Pages", "{B6AE36D6-EF0A-4200-A120-5E9A30212839}"
EndProject
Project("{9A19103F-16F7-4668-BE54-9A1E7A4F7556}") = "CSP.Modules.Pages.MCU", "Modules\CSP.Modules.Pages.MCU\CSP.Modules.Pages.MCU.csproj", "{AF5E04F1-C9A0-4F74-8D4F-0FE9CB022DCC}"
EndProject
Project("{2150E333-8FDC-42A3-9474-1A3956D46DE8}") = "Pages", "Pages", "{A0D5DCF6-A685-42D5-A7D1-6D6B2873A7E6}"
EndProject
Project("{9A19103F-16F7-4668-BE54-9A1E7A4F7556}") = "CSP.Modules.Pages.MCU.Tests", "Modules\CSP.Modules.Pages.MCU.Tests\CSP.Modules.Pages.MCU.Tests.csproj", "{175DCBAB-451E-4C67-A2B1-A473AFF7CF6C}"
EndProject
Project("{9A19103F-16F7-4668-BE54-9A1E7A4F7556}") = "CSP.Modules.Dialogs.NewMCU", "Modules\CSP.Modules.Dialogs.NewMCU\CSP.Modules.Dialogs.NewMCU.csproj", "{10F568BF-5409-4EBE-B9EE-2ACF00B0C9D1}"
EndProject
Project("{2150E333-8FDC-42A3-9474-1A3956D46DE8}") = "Dialogs", "Dialogs", "{0CB3B1F5-2E0A-4EDC-BA06-31059A655EBF}"
EndProject
Project("{9A19103F-16F7-4668-BE54-9A1E7A4F7556}") = "CSP.Modules.Dialogs.NewMCU.Tests", "Modules\CSP.Modules.Dialogs.NewMCU.Tests\CSP.Modules.Dialogs.NewMCU.Tests.csproj", "{3132CDF3-3B39-4546-B565-A2C1FE90753E}"
EndProject
Project("{2150E333-8FDC-42A3-9474-1A3956D46DE8}") = "Dialogs", "Dialogs", "{E9AC6D59-C050-495D-94DB-660137CC4691}"
EndProject
Project("{2150E333-8FDC-42A3-9474-1A3956D46DE8}") = "Document", "Document", "{19733575-F419-4A8B-8C7B-3EC0A0CC08BE}"
	ProjectSection(SolutionItems) = preProject
		LICENSE.md = LICENSE.md
		README.md = README.md
	EndProjectSection
EndProject
Global
	GlobalSection(SolutionConfigurationPlatforms) = preSolution
		Debug|Any CPU = Debug|Any CPU
		Debug|x64 = Debug|x64
		Debug|x86 = Debug|x86
		Release|Any CPU = Release|Any CPU
		Release|x64 = Release|x64
		Release|x86 = Release|x86
	EndGlobalSection
	GlobalSection(ProjectConfigurationPlatforms) = postSolution
		{A69B7645-1C8A-49C6-96AB-75C958D5B60A}.Debug|Any CPU.ActiveCfg = Debug|Any CPU
		{A69B7645-1C8A-49C6-96AB-75C958D5B60A}.Debug|Any CPU.Build.0 = Debug|Any CPU
		{A69B7645-1C8A-49C6-96AB-75C958D5B60A}.Debug|x64.ActiveCfg = Debug|x64
		{A69B7645-1C8A-49C6-96AB-75C958D5B60A}.Debug|x64.Build.0 = Debug|x64
		{A69B7645-1C8A-49C6-96AB-75C958D5B60A}.Debug|x86.ActiveCfg = Debug|x86
		{A69B7645-1C8A-49C6-96AB-75C958D5B60A}.Debug|x86.Build.0 = Debug|x86
		{A69B7645-1C8A-49C6-96AB-75C958D5B60A}.Release|Any CPU.ActiveCfg = Release|Any CPU
		{A69B7645-1C8A-49C6-96AB-75C958D5B60A}.Release|Any CPU.Build.0 = Release|Any CPU
		{A69B7645-1C8A-49C6-96AB-75C958D5B60A}.Release|x64.ActiveCfg = Release|x64
		{A69B7645-1C8A-49C6-96AB-75C958D5B60A}.Release|x64.Build.0 = Release|x64
		{A69B7645-1C8A-49C6-96AB-75C958D5B60A}.Release|x86.ActiveCfg = Release|x86
		{A69B7645-1C8A-49C6-96AB-75C958D5B60A}.Release|x86.Build.0 = Release|x86
		{D715BA75-606A-4D79-8BEB-45D8F0B5F28B}.Debug|Any CPU.ActiveCfg = Debug|Any CPU
		{D715BA75-606A-4D79-8BEB-45D8F0B5F28B}.Debug|Any CPU.Build.0 = Debug|Any CPU
		{D715BA75-606A-4D79-8BEB-45D8F0B5F28B}.Debug|x64.ActiveCfg = Debug|x64
		{D715BA75-606A-4D79-8BEB-45D8F0B5F28B}.Debug|x64.Build.0 = Debug|x64
		{D715BA75-606A-4D79-8BEB-45D8F0B5F28B}.Debug|x86.ActiveCfg = Debug|x86
		{D715BA75-606A-4D79-8BEB-45D8F0B5F28B}.Debug|x86.Build.0 = Debug|x86
		{D715BA75-606A-4D79-8BEB-45D8F0B5F28B}.Release|Any CPU.ActiveCfg = Release|Any CPU
		{D715BA75-606A-4D79-8BEB-45D8F0B5F28B}.Release|Any CPU.Build.0 = Release|Any CPU
		{D715BA75-606A-4D79-8BEB-45D8F0B5F28B}.Release|x64.ActiveCfg = Release|x64
		{D715BA75-606A-4D79-8BEB-45D8F0B5F28B}.Release|x64.Build.0 = Release|x64
		{D715BA75-606A-4D79-8BEB-45D8F0B5F28B}.Release|x86.ActiveCfg = Release|x86
		{D715BA75-606A-4D79-8BEB-45D8F0B5F28B}.Release|x86.Build.0 = Release|x86
		{F4381600-6216-4B48-9437-451A6B2E7333}.Debug|Any CPU.ActiveCfg = Debug|Any CPU
		{F4381600-6216-4B48-9437-451A6B2E7333}.Debug|Any CPU.Build.0 = Debug|Any CPU
		{F4381600-6216-4B48-9437-451A6B2E7333}.Debug|x64.ActiveCfg = Debug|x64
		{F4381600-6216-4B48-9437-451A6B2E7333}.Debug|x64.Build.0 = Debug|x64
		{F4381600-6216-4B48-9437-451A6B2E7333}.Debug|x86.ActiveCfg = Debug|x86
		{F4381600-6216-4B48-9437-451A6B2E7333}.Debug|x86.Build.0 = Debug|x86
		{F4381600-6216-4B48-9437-451A6B2E7333}.Release|Any CPU.ActiveCfg = Release|Any CPU
		{F4381600-6216-4B48-9437-451A6B2E7333}.Release|Any CPU.Build.0 = Release|Any CPU
		{F4381600-6216-4B48-9437-451A6B2E7333}.Release|x64.ActiveCfg = Release|x64
		{F4381600-6216-4B48-9437-451A6B2E7333}.Release|x64.Build.0 = Release|x64
		{F4381600-6216-4B48-9437-451A6B2E7333}.Release|x86.ActiveCfg = Release|x86
		{F4381600-6216-4B48-9437-451A6B2E7333}.Release|x86.Build.0 = Release|x86
		{48432F1A-9FFA-4199-8E50-FB603DBC3721}.Debug|Any CPU.ActiveCfg = Debug|Any CPU
		{48432F1A-9FFA-4199-8E50-FB603DBC3721}.Debug|Any CPU.Build.0 = Debug|Any CPU
		{48432F1A-9FFA-4199-8E50-FB603DBC3721}.Debug|x64.ActiveCfg = Debug|x64
		{48432F1A-9FFA-4199-8E50-FB603DBC3721}.Debug|x64.Build.0 = Debug|x64
		{48432F1A-9FFA-4199-8E50-FB603DBC3721}.Debug|x86.ActiveCfg = Debug|x86
		{48432F1A-9FFA-4199-8E50-FB603DBC3721}.Debug|x86.Build.0 = Debug|x86
		{48432F1A-9FFA-4199-8E50-FB603DBC3721}.Release|Any CPU.ActiveCfg = Release|Any CPU
		{48432F1A-9FFA-4199-8E50-FB603DBC3721}.Release|Any CPU.Build.0 = Release|Any CPU
		{48432F1A-9FFA-4199-8E50-FB603DBC3721}.Release|x64.ActiveCfg = Release|x64
		{48432F1A-9FFA-4199-8E50-FB603DBC3721}.Release|x64.Build.0 = Release|x64
		{48432F1A-9FFA-4199-8E50-FB603DBC3721}.Release|x86.ActiveCfg = Release|x86
		{48432F1A-9FFA-4199-8E50-FB603DBC3721}.Release|x86.Build.0 = Release|x86
		{BA2B1E5B-02A2-4391-8CD0-8EBDE18A087E}.Debug|Any CPU.ActiveCfg = Debug|Any CPU
		{BA2B1E5B-02A2-4391-8CD0-8EBDE18A087E}.Debug|Any CPU.Build.0 = Debug|Any CPU
		{BA2B1E5B-02A2-4391-8CD0-8EBDE18A087E}.Debug|x64.ActiveCfg = Debug|x64
		{BA2B1E5B-02A2-4391-8CD0-8EBDE18A087E}.Debug|x64.Build.0 = Debug|x64
		{BA2B1E5B-02A2-4391-8CD0-8EBDE18A087E}.Debug|x86.ActiveCfg = Debug|x86
		{BA2B1E5B-02A2-4391-8CD0-8EBDE18A087E}.Debug|x86.Build.0 = Debug|x86
		{BA2B1E5B-02A2-4391-8CD0-8EBDE18A087E}.Release|Any CPU.ActiveCfg = Release|Any CPU
		{BA2B1E5B-02A2-4391-8CD0-8EBDE18A087E}.Release|Any CPU.Build.0 = Release|Any CPU
		{BA2B1E5B-02A2-4391-8CD0-8EBDE18A087E}.Release|x64.ActiveCfg = Release|x64
		{BA2B1E5B-02A2-4391-8CD0-8EBDE18A087E}.Release|x64.Build.0 = Release|x64
		{BA2B1E5B-02A2-4391-8CD0-8EBDE18A087E}.Release|x86.ActiveCfg = Release|x86
		{BA2B1E5B-02A2-4391-8CD0-8EBDE18A087E}.Release|x86.Build.0 = Release|x86
		{95D846F1-C109-4A9D-B2E0-3EC0740E9C47}.Debug|Any CPU.ActiveCfg = Debug|Any CPU
		{95D846F1-C109-4A9D-B2E0-3EC0740E9C47}.Debug|Any CPU.Build.0 = Debug|Any CPU
		{95D846F1-C109-4A9D-B2E0-3EC0740E9C47}.Debug|x64.ActiveCfg = Debug|x64
		{95D846F1-C109-4A9D-B2E0-3EC0740E9C47}.Debug|x64.Build.0 = Debug|x64
		{95D846F1-C109-4A9D-B2E0-3EC0740E9C47}.Debug|x86.ActiveCfg = Debug|x86
		{95D846F1-C109-4A9D-B2E0-3EC0740E9C47}.Debug|x86.Build.0 = Debug|x86
		{95D846F1-C109-4A9D-B2E0-3EC0740E9C47}.Release|Any CPU.ActiveCfg = Release|Any CPU
		{95D846F1-C109-4A9D-B2E0-3EC0740E9C47}.Release|Any CPU.Build.0 = Release|Any CPU
		{95D846F1-C109-4A9D-B2E0-3EC0740E9C47}.Release|x64.ActiveCfg = Release|x64
		{95D846F1-C109-4A9D-B2E0-3EC0740E9C47}.Release|x64.Build.0 = Release|x64
		{95D846F1-C109-4A9D-B2E0-3EC0740E9C47}.Release|x86.ActiveCfg = Release|x86
		{95D846F1-C109-4A9D-B2E0-3EC0740E9C47}.Release|x86.Build.0 = Release|x86
		{DFBBF242-8688-4761-9120-37AA964368C9}.Debug|Any CPU.ActiveCfg = Debug|Any CPU
		{DFBBF242-8688-4761-9120-37AA964368C9}.Debug|Any CPU.Build.0 = Debug|Any CPU
		{DFBBF242-8688-4761-9120-37AA964368C9}.Debug|x64.ActiveCfg = Debug|x64
		{DFBBF242-8688-4761-9120-37AA964368C9}.Debug|x64.Build.0 = Debug|x64
		{DFBBF242-8688-4761-9120-37AA964368C9}.Debug|x86.ActiveCfg = Debug|x86
		{DFBBF242-8688-4761-9120-37AA964368C9}.Debug|x86.Build.0 = Debug|x86
		{DFBBF242-8688-4761-9120-37AA964368C9}.Release|Any CPU.ActiveCfg = Release|Any CPU
		{DFBBF242-8688-4761-9120-37AA964368C9}.Release|Any CPU.Build.0 = Release|Any CPU
		{DFBBF242-8688-4761-9120-37AA964368C9}.Release|x64.ActiveCfg = Release|x64
		{DFBBF242-8688-4761-9120-37AA964368C9}.Release|x64.Build.0 = Release|x64
		{DFBBF242-8688-4761-9120-37AA964368C9}.Release|x86.ActiveCfg = Release|x86
		{DFBBF242-8688-4761-9120-37AA964368C9}.Release|x86.Build.0 = Release|x86
		{0EAF509E-9A3D-4DEA-B428-3B53D0314033}.Debug|Any CPU.ActiveCfg = Debug|Any CPU
		{0EAF509E-9A3D-4DEA-B428-3B53D0314033}.Debug|Any CPU.Build.0 = Debug|Any CPU
		{0EAF509E-9A3D-4DEA-B428-3B53D0314033}.Debug|x64.ActiveCfg = Debug|x64
		{0EAF509E-9A3D-4DEA-B428-3B53D0314033}.Debug|x64.Build.0 = Debug|x64
		{0EAF509E-9A3D-4DEA-B428-3B53D0314033}.Debug|x86.ActiveCfg = Debug|x86
		{0EAF509E-9A3D-4DEA-B428-3B53D0314033}.Debug|x86.Build.0 = Debug|x86
		{0EAF509E-9A3D-4DEA-B428-3B53D0314033}.Release|Any CPU.ActiveCfg = Release|Any CPU
		{0EAF509E-9A3D-4DEA-B428-3B53D0314033}.Release|Any CPU.Build.0 = Release|Any CPU
		{0EAF509E-9A3D-4DEA-B428-3B53D0314033}.Release|x64.ActiveCfg = Release|x64
		{0EAF509E-9A3D-4DEA-B428-3B53D0314033}.Release|x64.Build.0 = Release|x64
		{0EAF509E-9A3D-4DEA-B428-3B53D0314033}.Release|x86.ActiveCfg = Release|x86
		{0EAF509E-9A3D-4DEA-B428-3B53D0314033}.Release|x86.Build.0 = Release|x86
		{AEFE9554-43B9-42ED-B971-C0676275CC4A}.Debug|Any CPU.ActiveCfg = Debug|Any CPU
		{AEFE9554-43B9-42ED-B971-C0676275CC4A}.Debug|Any CPU.Build.0 = Debug|Any CPU
		{AEFE9554-43B9-42ED-B971-C0676275CC4A}.Debug|x64.ActiveCfg = Debug|x64
		{AEFE9554-43B9-42ED-B971-C0676275CC4A}.Debug|x64.Build.0 = Debug|x64
		{AEFE9554-43B9-42ED-B971-C0676275CC4A}.Debug|x86.ActiveCfg = Debug|x86
		{AEFE9554-43B9-42ED-B971-C0676275CC4A}.Debug|x86.Build.0 = Debug|x86
		{AEFE9554-43B9-42ED-B971-C0676275CC4A}.Release|Any CPU.ActiveCfg = Release|Any CPU
		{AEFE9554-43B9-42ED-B971-C0676275CC4A}.Release|Any CPU.Build.0 = Release|Any CPU
		{AEFE9554-43B9-42ED-B971-C0676275CC4A}.Release|x64.ActiveCfg = Release|x64
		{AEFE9554-43B9-42ED-B971-C0676275CC4A}.Release|x64.Build.0 = Release|x64
		{AEFE9554-43B9-42ED-B971-C0676275CC4A}.Release|x86.ActiveCfg = Release|x86
		{AEFE9554-43B9-42ED-B971-C0676275CC4A}.Release|x86.Build.0 = Release|x86
		{0F3F1621-1DDB-4507-8F9C-64A40EB96352}.Debug|Any CPU.ActiveCfg = Debug|Any CPU
		{0F3F1621-1DDB-4507-8F9C-64A40EB96352}.Debug|Any CPU.Build.0 = Debug|Any CPU
		{0F3F1621-1DDB-4507-8F9C-64A40EB96352}.Debug|x64.ActiveCfg = Debug|x64
		{0F3F1621-1DDB-4507-8F9C-64A40EB96352}.Debug|x64.Build.0 = Debug|x64
		{0F3F1621-1DDB-4507-8F9C-64A40EB96352}.Debug|x86.ActiveCfg = Debug|x86
		{0F3F1621-1DDB-4507-8F9C-64A40EB96352}.Debug|x86.Build.0 = Debug|x86
		{0F3F1621-1DDB-4507-8F9C-64A40EB96352}.Release|Any CPU.ActiveCfg = Release|Any CPU
		{0F3F1621-1DDB-4507-8F9C-64A40EB96352}.Release|Any CPU.Build.0 = Release|Any CPU
		{0F3F1621-1DDB-4507-8F9C-64A40EB96352}.Release|x64.ActiveCfg = Release|x64
		{0F3F1621-1DDB-4507-8F9C-64A40EB96352}.Release|x64.Build.0 = Release|x64
		{0F3F1621-1DDB-4507-8F9C-64A40EB96352}.Release|x86.ActiveCfg = Release|x86
		{0F3F1621-1DDB-4507-8F9C-64A40EB96352}.Release|x86.Build.0 = Release|x86
		{9EDAE734-31F5-4D36-A931-04BA1720E1A7}.Debug|Any CPU.ActiveCfg = Debug|Any CPU
		{9EDAE734-31F5-4D36-A931-04BA1720E1A7}.Debug|Any CPU.Build.0 = Debug|Any CPU
		{9EDAE734-31F5-4D36-A931-04BA1720E1A7}.Debug|x64.ActiveCfg = Debug|x64
		{9EDAE734-31F5-4D36-A931-04BA1720E1A7}.Debug|x64.Build.0 = Debug|x64
		{9EDAE734-31F5-4D36-A931-04BA1720E1A7}.Debug|x86.ActiveCfg = Debug|x86
		{9EDAE734-31F5-4D36-A931-04BA1720E1A7}.Debug|x86.Build.0 = Debug|x86
		{9EDAE734-31F5-4D36-A931-04BA1720E1A7}.Release|Any CPU.ActiveCfg = Release|Any CPU
		{9EDAE734-31F5-4D36-A931-04BA1720E1A7}.Release|Any CPU.Build.0 = Release|Any CPU
		{9EDAE734-31F5-4D36-A931-04BA1720E1A7}.Release|x64.ActiveCfg = Release|x64
		{9EDAE734-31F5-4D36-A931-04BA1720E1A7}.Release|x64.Build.0 = Release|x64
		{9EDAE734-31F5-4D36-A931-04BA1720E1A7}.Release|x86.ActiveCfg = Release|x86
		{9EDAE734-31F5-4D36-A931-04BA1720E1A7}.Release|x86.Build.0 = Release|x86
		{DAEF7A6A-995B-432A-A515-23344EEA56A5}.Debug|Any CPU.ActiveCfg = Debug|Any CPU
		{DAEF7A6A-995B-432A-A515-23344EEA56A5}.Debug|Any CPU.Build.0 = Debug|Any CPU
		{DAEF7A6A-995B-432A-A515-23344EEA56A5}.Debug|x64.ActiveCfg = Debug|x64
		{DAEF7A6A-995B-432A-A515-23344EEA56A5}.Debug|x64.Build.0 = Debug|x64
		{DAEF7A6A-995B-432A-A515-23344EEA56A5}.Debug|x86.ActiveCfg = Debug|x86
		{DAEF7A6A-995B-432A-A515-23344EEA56A5}.Debug|x86.Build.0 = Debug|x86
		{DAEF7A6A-995B-432A-A515-23344EEA56A5}.Release|Any CPU.ActiveCfg = Release|Any CPU
		{DAEF7A6A-995B-432A-A515-23344EEA56A5}.Release|Any CPU.Build.0 = Release|Any CPU
		{DAEF7A6A-995B-432A-A515-23344EEA56A5}.Release|x64.ActiveCfg = Release|x64
		{DAEF7A6A-995B-432A-A515-23344EEA56A5}.Release|x64.Build.0 = Release|x64
		{DAEF7A6A-995B-432A-A515-23344EEA56A5}.Release|x86.ActiveCfg = Release|x86
		{DAEF7A6A-995B-432A-A515-23344EEA56A5}.Release|x86.Build.0 = Release|x86
		{1F620217-081B-4CFF-BF71-4F97760F3EC1}.Debug|Any CPU.ActiveCfg = Debug|Any CPU
		{1F620217-081B-4CFF-BF71-4F97760F3EC1}.Debug|Any CPU.Build.0 = Debug|Any CPU
		{1F620217-081B-4CFF-BF71-4F97760F3EC1}.Debug|x64.ActiveCfg = Debug|x64
		{1F620217-081B-4CFF-BF71-4F97760F3EC1}.Debug|x64.Build.0 = Debug|x64
		{1F620217-081B-4CFF-BF71-4F97760F3EC1}.Debug|x86.ActiveCfg = Debug|x86
		{1F620217-081B-4CFF-BF71-4F97760F3EC1}.Debug|x86.Build.0 = Debug|x86
		{1F620217-081B-4CFF-BF71-4F97760F3EC1}.Release|Any CPU.ActiveCfg = Release|Any CPU
		{1F620217-081B-4CFF-BF71-4F97760F3EC1}.Release|Any CPU.Build.0 = Release|Any CPU
		{1F620217-081B-4CFF-BF71-4F97760F3EC1}.Release|x64.ActiveCfg = Release|x64
		{1F620217-081B-4CFF-BF71-4F97760F3EC1}.Release|x64.Build.0 = Release|x64
		{1F620217-081B-4CFF-BF71-4F97760F3EC1}.Release|x86.ActiveCfg = Release|x86
		{1F620217-081B-4CFF-BF71-4F97760F3EC1}.Release|x86.Build.0 = Release|x86
		{C249BFC4-90D4-46FC-9AF2-036B6D960697}.Debug|Any CPU.ActiveCfg = Debug|Any CPU
		{C249BFC4-90D4-46FC-9AF2-036B6D960697}.Debug|Any CPU.Build.0 = Debug|Any CPU
		{C249BFC4-90D4-46FC-9AF2-036B6D960697}.Debug|x64.ActiveCfg = Debug|x64
		{C249BFC4-90D4-46FC-9AF2-036B6D960697}.Debug|x64.Build.0 = Debug|x64
		{C249BFC4-90D4-46FC-9AF2-036B6D960697}.Debug|x86.ActiveCfg = Debug|x86
		{C249BFC4-90D4-46FC-9AF2-036B6D960697}.Debug|x86.Build.0 = Debug|x86
		{C249BFC4-90D4-46FC-9AF2-036B6D960697}.Release|Any CPU.ActiveCfg = Release|Any CPU
		{C249BFC4-90D4-46FC-9AF2-036B6D960697}.Release|Any CPU.Build.0 = Release|Any CPU
		{C249BFC4-90D4-46FC-9AF2-036B6D960697}.Release|x64.ActiveCfg = Release|x64
		{C249BFC4-90D4-46FC-9AF2-036B6D960697}.Release|x64.Build.0 = Release|x64
		{C249BFC4-90D4-46FC-9AF2-036B6D960697}.Release|x86.ActiveCfg = Release|x86
		{C249BFC4-90D4-46FC-9AF2-036B6D960697}.Release|x86.Build.0 = Release|x86
		{AF5E04F1-C9A0-4F74-8D4F-0FE9CB022DCC}.Debug|Any CPU.ActiveCfg = Debug|Any CPU
		{AF5E04F1-C9A0-4F74-8D4F-0FE9CB022DCC}.Debug|Any CPU.Build.0 = Debug|Any CPU
		{AF5E04F1-C9A0-4F74-8D4F-0FE9CB022DCC}.Debug|x64.ActiveCfg = Debug|x64
		{AF5E04F1-C9A0-4F74-8D4F-0FE9CB022DCC}.Debug|x64.Build.0 = Debug|x64
		{AF5E04F1-C9A0-4F74-8D4F-0FE9CB022DCC}.Debug|x86.ActiveCfg = Debug|x86
		{AF5E04F1-C9A0-4F74-8D4F-0FE9CB022DCC}.Debug|x86.Build.0 = Debug|x86
		{AF5E04F1-C9A0-4F74-8D4F-0FE9CB022DCC}.Release|Any CPU.ActiveCfg = Release|Any CPU
		{AF5E04F1-C9A0-4F74-8D4F-0FE9CB022DCC}.Release|Any CPU.Build.0 = Release|Any CPU
		{AF5E04F1-C9A0-4F74-8D4F-0FE9CB022DCC}.Release|x64.ActiveCfg = Release|x64
		{AF5E04F1-C9A0-4F74-8D4F-0FE9CB022DCC}.Release|x64.Build.0 = Release|x64
		{AF5E04F1-C9A0-4F74-8D4F-0FE9CB022DCC}.Release|x86.ActiveCfg = Release|x86
		{AF5E04F1-C9A0-4F74-8D4F-0FE9CB022DCC}.Release|x86.Build.0 = Release|x86
		{175DCBAB-451E-4C67-A2B1-A473AFF7CF6C}.Debug|Any CPU.ActiveCfg = Debug|Any CPU
		{175DCBAB-451E-4C67-A2B1-A473AFF7CF6C}.Debug|Any CPU.Build.0 = Debug|Any CPU
		{175DCBAB-451E-4C67-A2B1-A473AFF7CF6C}.Debug|x64.ActiveCfg = Debug|x64
		{175DCBAB-451E-4C67-A2B1-A473AFF7CF6C}.Debug|x64.Build.0 = Debug|x64
		{175DCBAB-451E-4C67-A2B1-A473AFF7CF6C}.Debug|x86.ActiveCfg = Debug|x86
		{175DCBAB-451E-4C67-A2B1-A473AFF7CF6C}.Debug|x86.Build.0 = Debug|x86
		{175DCBAB-451E-4C67-A2B1-A473AFF7CF6C}.Release|Any CPU.ActiveCfg = Release|Any CPU
		{175DCBAB-451E-4C67-A2B1-A473AFF7CF6C}.Release|Any CPU.Build.0 = Release|Any CPU
		{175DCBAB-451E-4C67-A2B1-A473AFF7CF6C}.Release|x64.ActiveCfg = Release|x64
		{175DCBAB-451E-4C67-A2B1-A473AFF7CF6C}.Release|x64.Build.0 = Release|x64
		{175DCBAB-451E-4C67-A2B1-A473AFF7CF6C}.Release|x86.ActiveCfg = Release|x86
		{175DCBAB-451E-4C67-A2B1-A473AFF7CF6C}.Release|x86.Build.0 = Release|x86
		{10F568BF-5409-4EBE-B9EE-2ACF00B0C9D1}.Debug|Any CPU.ActiveCfg = Debug|Any CPU
		{10F568BF-5409-4EBE-B9EE-2ACF00B0C9D1}.Debug|Any CPU.Build.0 = Debug|Any CPU
		{10F568BF-5409-4EBE-B9EE-2ACF00B0C9D1}.Debug|x64.ActiveCfg = Debug|x64
		{10F568BF-5409-4EBE-B9EE-2ACF00B0C9D1}.Debug|x64.Build.0 = Debug|x64
		{10F568BF-5409-4EBE-B9EE-2ACF00B0C9D1}.Debug|x86.ActiveCfg = Debug|x86
		{10F568BF-5409-4EBE-B9EE-2ACF00B0C9D1}.Debug|x86.Build.0 = Debug|x86
		{10F568BF-5409-4EBE-B9EE-2ACF00B0C9D1}.Release|Any CPU.ActiveCfg = Release|Any CPU
		{10F568BF-5409-4EBE-B9EE-2ACF00B0C9D1}.Release|Any CPU.Build.0 = Release|Any CPU
		{10F568BF-5409-4EBE-B9EE-2ACF00B0C9D1}.Release|x64.ActiveCfg = Release|x64
		{10F568BF-5409-4EBE-B9EE-2ACF00B0C9D1}.Release|x64.Build.0 = Release|x64
		{10F568BF-5409-4EBE-B9EE-2ACF00B0C9D1}.Release|x86.ActiveCfg = Release|x86
		{10F568BF-5409-4EBE-B9EE-2ACF00B0C9D1}.Release|x86.Build.0 = Release|x86
		{3132CDF3-3B39-4546-B565-A2C1FE90753E}.Debug|Any CPU.ActiveCfg = Debug|Any CPU
		{3132CDF3-3B39-4546-B565-A2C1FE90753E}.Debug|Any CPU.Build.0 = Debug|Any CPU
		{3132CDF3-3B39-4546-B565-A2C1FE90753E}.Debug|x64.ActiveCfg = Debug|x64
		{3132CDF3-3B39-4546-B565-A2C1FE90753E}.Debug|x64.Build.0 = Debug|x64
		{3132CDF3-3B39-4546-B565-A2C1FE90753E}.Debug|x86.ActiveCfg = Debug|x86
		{3132CDF3-3B39-4546-B565-A2C1FE90753E}.Debug|x86.Build.0 = Debug|x86
		{3132CDF3-3B39-4546-B565-A2C1FE90753E}.Release|Any CPU.ActiveCfg = Release|Any CPU
		{3132CDF3-3B39-4546-B565-A2C1FE90753E}.Release|Any CPU.Build.0 = Release|Any CPU
		{3132CDF3-3B39-4546-B565-A2C1FE90753E}.Release|x64.ActiveCfg = Release|x64
		{3132CDF3-3B39-4546-B565-A2C1FE90753E}.Release|x64.Build.0 = Release|x64
		{3132CDF3-3B39-4546-B565-A2C1FE90753E}.Release|x86.ActiveCfg = Release|x86
		{3132CDF3-3B39-4546-B565-A2C1FE90753E}.Release|x86.Build.0 = Release|x86
	EndGlobalSection
	GlobalSection(SolutionProperties) = preSolution
		HideSolutionNode = FALSE
	EndGlobalSection
	GlobalSection(NestedProjects) = preSolution
		{A69B7645-1C8A-49C6-96AB-75C958D5B60A} = {155783CC-538D-45AF-8CB7-DC4543B7C806}
		{C39936D1-40C8-475E-8509-589D12109807} = {3EC2117A-BBD5-4A73-A824-3A714D916BA1}
		{D715BA75-606A-4D79-8BEB-45D8F0B5F28B} = {C39936D1-40C8-475E-8509-589D12109807}
		{F4381600-6216-4B48-9437-451A6B2E7333} = {D8E0C86D-7764-4183-8C3D-E45D57176AF8}
		{48432F1A-9FFA-4199-8E50-FB603DBC3721} = {3EC2117A-BBD5-4A73-A824-3A714D916BA1}
		{BA2B1E5B-02A2-4391-8CD0-8EBDE18A087E} = {58E30C62-1DF5-4E02-8FEC-A70F7A3F8AEA}
		{95D846F1-C109-4A9D-B2E0-3EC0740E9C47} = {D587EEB6-2D74-4A43-8DF5-79943C234D0D}
		{DFBBF242-8688-4761-9120-37AA964368C9} = {5766BBB3-CA7B-4B6B-9E60-8A4E4FCA0381}
		{0EAF509E-9A3D-4DEA-B428-3B53D0314033} = {CC1B3211-4AB5-4465-ACA8-CFFA52114E99}
		{AEFE9554-43B9-42ED-B971-C0676275CC4A} = {9091891F-CE6D-4AB6-9BD5-EF69679CEF55}
		{A5B31917-74A2-40D4-ACEF-9C213CF1C830} = {A43E6A7A-CC92-4477-AF8D-DC65AFD96BBB}
		{7E6D6515-E511-4CF7-9287-EA9B8A68A3D5} = {A43E6A7A-CC92-4477-AF8D-DC65AFD96BBB}
		{86476576-5CB0-458E-9823-8B4B75C95118} = {A43E6A7A-CC92-4477-AF8D-DC65AFD96BBB}
		{5E7887CB-C353-462A-A728-C8388C064D87} = {A43E6A7A-CC92-4477-AF8D-DC65AFD96BBB}
		{18CB73E7-D5B5-4393-B0B1-B5DE85FD05B5} = {A43E6A7A-CC92-4477-AF8D-DC65AFD96BBB}
		{0F3F1621-1DDB-4507-8F9C-64A40EB96352} = {A5B31917-74A2-40D4-ACEF-9C213CF1C830}
		{9EDAE734-31F5-4D36-A931-04BA1720E1A7} = {86476576-5CB0-458E-9823-8B4B75C95118}
		{DAEF7A6A-995B-432A-A515-23344EEA56A5} = {18CB73E7-D5B5-4393-B0B1-B5DE85FD05B5}
		{1F620217-081B-4CFF-BF71-4F97760F3EC1} = {5E7887CB-C353-462A-A728-C8388C064D87}
		{C249BFC4-90D4-46FC-9AF2-036B6D960697} = {E2D98BAB-EA6D-4964-839A-C05AE911B635}
		{B6AE36D6-EF0A-4200-A120-5E9A30212839} = {8FEE0BA5-0CA6-44D4-993E-78588EEE5B46}
		{AF5E04F1-C9A0-4F74-8D4F-0FE9CB022DCC} = {B6AE36D6-EF0A-4200-A120-5E9A30212839}
		{A0D5DCF6-A685-42D5-A7D1-6D6B2873A7E6} = {7E6D6515-E511-4CF7-9287-EA9B8A68A3D5}
		{175DCBAB-451E-4C67-A2B1-A473AFF7CF6C} = {A0D5DCF6-A685-42D5-A7D1-6D6B2873A7E6}
		{10F568BF-5409-4EBE-B9EE-2ACF00B0C9D1} = {0CB3B1F5-2E0A-4EDC-BA06-31059A655EBF}
		{0CB3B1F5-2E0A-4EDC-BA06-31059A655EBF} = {8FEE0BA5-0CA6-44D4-993E-78588EEE5B46}
		{3132CDF3-3B39-4546-B565-A2C1FE90753E} = {E9AC6D59-C050-495D-94DB-660137CC4691}
		{E9AC6D59-C050-495D-94DB-660137CC4691} = {7E6D6515-E511-4CF7-9287-EA9B8A68A3D5}
	EndGlobalSection
	GlobalSection(ExtensibilityGlobals) = postSolution
		SolutionGuid = {58CD1AF4-1504-494B-9B4A-F2D5943FC32A}
	EndGlobalSection
EndGlobal
